
Microsoft Visual Studio Solution File, Format Version 12.00
# Visual Studio Version 17
VisualStudioVersion = 17.0.31903.59
MinimumVisualStudioVersion = 10.0.40219.1
Project("{FAE04EC0-301F-11D3-BF4B-00C04F79EFBC}") = "Slate.Core", "Slate.Core\Slate.Core.csproj", "{D234430F-2B61-4EF9-BACF-07BF3D8DFE5F}"
EndProject
Project("{FAE04EC0-301F-11D3-BF4B-00C04F79EFBC}") = "Slate.Core.Tests", "Slate.Core.Tests\Slate.Core.Tests.csproj", "{4AA0F7AF-5B55-4BDA-A059-D410E9136E1B}"
EndProject
Project("{FAE04EC0-301F-11D3-BF4B-00C04F79EFBC}") = "Slate", "Slate\Slate.csproj", "{8C1FD63D-29D0-4DF4-8FE4-05DCDB4F50EF}"
EndProject
Global
	GlobalSection(SolutionConfigurationPlatforms) = preSolution
		Debug|Any CPU = Debug|Any CPU
		Release|Any CPU = Release|Any CPU
	EndGlobalSection
	GlobalSection(SolutionProperties) = preSolution
		HideSolutionNode = FALSE
	EndGlobalSection
	GlobalSection(ProjectConfigurationPlatforms) = postSolution
		{D234430F-2B61-4EF9-BACF-07BF3D8DFE5F}.Debug|Any CPU.ActiveCfg = Debug|Any CPU
		{D234430F-2B61-4EF9-BACF-07BF3D8DFE5F}.Debug|Any CPU.Build.0 = Debug|Any CPU
		{D234430F-2B61-4EF9-BACF-07BF3D8DFE5F}.Release|Any CPU.ActiveCfg = Release|Any CPU
		{D234430F-2B61-4EF9-BACF-07BF3D8DFE5F}.Release|Any CPU.Build.0 = Release|Any CPU
		{4AA0F7AF-5B55-4BDA-A059-D410E9136E1B}.Debug|Any CPU.ActiveCfg = Debug|Any CPU
		{4AA0F7AF-5B55-4BDA-A059-D410E9136E1B}.Debug|Any CPU.Build.0 = Debug|Any CPU
		{4AA0F7AF-5B55-4BDA-A059-D410E9136E1B}.Release|Any CPU.ActiveCfg = Release|Any CPU
		{4AA0F7AF-5B55-4BDA-A059-D410E9136E1B}.Release|Any CPU.Build.0 = Release|Any CPU
		{8C1FD63D-29D0-4DF4-8FE4-05DCDB4F50EF}.Debug|Any CPU.ActiveCfg = Debug|Any CPU
		{8C1FD63D-29D0-4DF4-8FE4-05DCDB4F50EF}.Debug|Any CPU.Build.0 = Debug|Any CPU
		{8C1FD63D-29D0-4DF4-8FE4-05DCDB4F50EF}.Release|Any CPU.ActiveCfg = Release|Any CPU
		{8C1FD63D-29D0-4DF4-8FE4-05DCDB4F50EF}.Release|Any CPU.Build.0 = Release|Any CPU
	EndGlobalSection
EndGlobal
